PODS:
  - AFNetworking (3.0.4):
    - AFNetworking/NSURLSession (= 3.0.4)
    - AFNetworking/Reachability (= 3.0.4)
    - AFNetworking/Security (= 3.0.4)
    - AFNetworking/Serialization (= 3.0.4)
    - AFNetworking/UIKit (= 3.0.4)
  - AFNetworking/NSURLSession (3.0.4):
    - AFNetworking/Reachability
    - AFNetworking/Security
    - AFNetworking/Serialization
  - AFNetworking/Reachability (3.0.4)
  - AFNetworking/Security (3.0.4)
  - AFNetworking/Serialization (3.0.4)
  - AFNetworking/UIKit (3.0.4):
    - AFNetworking/NSURLSession
  - FMDB (2.5):
    - FMDB/standard (= 2.5)
  - FMDB/common (2.5)
  - FMDB/standard (2.5):
    - FMDB/common
  - FMDBMigrationManager (1.4.1):
    - FMDBMigrationManager/System (= 1.4.1)
  - FMDBMigrationManager/System (1.4.1):
    - FMDB/standard (>= 2.3)
  - Masonry (0.6.3)
  - MBProgressHUD (0.9.1)
  - MJExtension (3.0.7)
  - MJRefresh (3.0.7)
  - SDWebImage (3.7.3):
    - SDWebImage/Core (= 3.7.3)
  - SDWebImage/Core (3.7.3)
  - TMCache (2.1.0)

DEPENDENCIES:
  - AFNetworking
  - FMDB
  - FMDBMigrationManager
  - Masonry
  - MBProgressHUD
  - MJExtension
  - MJRefresh (~> 3.0.7)
  - SDWebImage
  - TMCache (~> 2.1.0)

SPEC CHECKSUMS:
  AFNetworking: a0075feb321559dc78d9d85b55d11caa19eabb93
  FMDB: 96e8f1bcc1329e269330f99770ad4285d9003e52
  FMDBMigrationManager: d52007f328ea0665e8985ca8a33500707aef084f
  Masonry: ff105a956abcd19a618b2028b121cb638d7a8e2f
  MBProgressHUD: c47f2c166c126cf2ce36498d80f33e754d4e93ad
  MJExtension: 290cc966f0f849b12b6391a38e296e0004ae8e5e
  MJRefresh: f3e1228ec3d38c7ba5208d58032631a52f39f495
  SDWebImage: 1d2b1a1efda1ade1b00b6f8498865f8ddedc8a84
  TMCache: 95ebcc9b3c7e90fb5fd8fc3036cba3aa781c9bed

COCOAPODS: 0.39.0
