// !$*UTF8*$!
{
	archiveVersion = 1;
	classes = {
	};
	objectVersion = 46;
	objects = {

/* Begin PBXBuildFile section */
		190FE837F4D541138AD5E03F /* libPods-HZExtend-Demo.a in Frameworks */ = {isa = PBXBuildFile; fileRef = 907B91A1045CD47BE556E358 /* libPods-HZExtend-Demo.a */; };
		289E257E1C831C24001B0AA2 /* ExampleItemViewController.m in Sources */ = {isa = PBXBuildFile; fileRef = 289E257D1C831C24001B0AA2 /* ExampleItemViewController.m */; };
		289E25811C832255001B0AA2 /* ExampleItemModel.m in Sources */ = {isa = PBXBuildFile; fileRef = 289E25801C832255001B0AA2 /* ExampleItemModel.m */; };
		289E259A1C8325CA001B0AA2 /* URLViewController.m in Sources */ = {isa = PBXBuildFile; fileRef = 289E25991C8325CA001B0AA2 /* URLViewController.m */; };
		289E259D1C832735001B0AA2 /* BaseModel.m in Sources */ = {isa = PBXBuildFile; fileRef = 289E259C1C832735001B0AA2 /* BaseModel.m */; };
		289E25A01C833016001B0AA2 /* URLItemViewController.m in Sources */ = {isa = PBXBuildFile; fileRef = 289E259F1C833016001B0AA2 /* URLItemViewController.m */; };
		28E9C8101C6F09AB00F7ED97 /* main.m in Sources */ = {isa = PBXBuildFile; fileRef = 28E9C80F1C6F09AB00F7ED97 /* main.m */; };
		28E9C8131C6F09AB00F7ED97 /* AppDelegate.m in Sources */ = {isa = PBXBuildFile; fileRef = 28E9C8121C6F09AB00F7ED97 /* AppDelegate.m */; };
		28E9C8161C6F09AB00F7ED97 /* ViewController.m in Sources */ = {isa = PBXBuildFile; fileRef = 28E9C8151C6F09AB00F7ED97 /* ViewController.m */; };
		28E9C81B1C6F09AB00F7ED97 /* Assets.xcassets in Resources */ = {isa = PBXBuildFile; fileRef = 28E9C81A1C6F09AB00F7ED97 /* Assets.xcassets */; };
		28E9C81E1C6F09AB00F7ED97 /* LaunchScreen.storyboard in Resources */ = {isa = PBXBuildFile; fileRef = 28E9C81C1C6F09AB00F7ED97 /* LaunchScreen.storyboard */; };
		28E9C8851C6F219100F7ED97 /* SubjectViewModel.m in Sources */ = {isa = PBXBuildFile; fileRef = 28E9C8841C6F219100F7ED97 /* SubjectViewModel.m */; };
		28E9C8881C6F21A000F7ED97 /* SubjectModel.m in Sources */ = {isa = PBXBuildFile; fileRef = 28E9C8871C6F21A000F7ED97 /* SubjectModel.m */; };
		28E9C88B1C6F220900F7ED97 /* SubjectList.m in Sources */ = {isa = PBXBuildFile; fileRef = 28E9C88A1C6F220900F7ED97 /* SubjectList.m */; };
		28E9C88E1C6F227100F7ED97 /* SubjectDay.m in Sources */ = {isa = PBXBuildFile; fileRef = 28E9C88D1C6F227100F7ED97 /* SubjectDay.m */; };
		28E9C8911C6F22BB00F7ED97 /* SubjectItem.m in Sources */ = {isa = PBXBuildFile; fileRef = 28E9C8901C6F22BB00F7ED97 /* SubjectItem.m */; };
		28E9C8941C6F27E000F7ED97 /* Pagination.m in Sources */ = {isa = PBXBuildFile; fileRef = 28E9C8931C6F27E000F7ED97 /* Pagination.m */; };
		5307D3AF1CFADF8700EAB306 /* Localizable.strings in Resources */ = {isa = PBXBuildFile; fileRef = 5307D3B11CFADF8700EAB306 /* Localizable.strings */; };
		53246C081CF03B630019F86B /* HZConst.m in Sources */ = {isa = PBXBuildFile; fileRef = 53246BB71CF03B630019F86B /* HZConst.m */; };
		53246C091CF03B630019F86B /* HZObserver.m in Sources */ = {isa = PBXBuildFile; fileRef = 53246BB91CF03B630019F86B /* HZObserver.m */; };
		53246C0A1CF03B630019F86B /* NSArray+HZExtend.m in Sources */ = {isa = PBXBuildFile; fileRef = 53246BBB1CF03B630019F86B /* NSArray+HZExtend.m */; };
		53246C0B1CF03B630019F86B /* NSData+HZExtend.m in Sources */ = {isa = PBXBuildFile; fileRef = 53246BBD1CF03B630019F86B /* NSData+HZExtend.m */; };
		53246C0C1CF03B630019F86B /* NSDictionary+HZExtend.m in Sources */ = {isa = PBXBuildFile; fileRef = 53246BBF1CF03B630019F86B /* NSDictionary+HZExtend.m */; };
		53246C0D1CF03B630019F86B /* NSMutableArray+HZExtend.m in Sources */ = {isa = PBXBuildFile; fileRef = 53246BC11CF03B630019F86B /* NSMutableArray+HZExtend.m */; };
		53246C0E1CF03B630019F86B /* NSObject+HZExtend.m in Sources */ = {isa = PBXBuildFile; fileRef = 53246BC31CF03B630019F86B /* NSObject+HZExtend.m */; };
		53246C0F1CF03B630019F86B /* NSString+HZExtend.m in Sources */ = {isa = PBXBuildFile; fileRef = 53246BC51CF03B630019F86B /* NSString+HZExtend.m */; };
		53246C101CF03B630019F86B /* NSURL+HZExtend.m in Sources */ = {isa = PBXBuildFile; fileRef = 53246BC71CF03B630019F86B /* NSURL+HZExtend.m */; };
		53246C111CF03B630019F86B /* HZModel.m in Sources */ = {isa = PBXBuildFile; fileRef = 53246BCB1CF03B630019F86B /* HZModel.m */; };
		53246C121CF03B630019F86B /* HZViewModel.m in Sources */ = {isa = PBXBuildFile; fileRef = 53246BCD1CF03B630019F86B /* HZViewModel.m */; };
		53246C131CF03B630019F86B /* HZNetwork.m in Sources */ = {isa = PBXBuildFile; fileRef = 53246BD01CF03B630019F86B /* HZNetwork.m */; };
		53246C141CF03B630019F86B /* NetworkConfig.m in Sources */ = {isa = PBXBuildFile; fileRef = 53246BD21CF03B630019F86B /* NetworkConfig.m */; };
		53246C151CF03B630019F86B /* SessionTask.m in Sources */ = {isa = PBXBuildFile; fileRef = 53246BD41CF03B630019F86B /* SessionTask.m */; };
		53246C161CF03B630019F86B /* UploadSessionTask.m in Sources */ = {isa = PBXBuildFile; fileRef = 53246BD61CF03B630019F86B /* UploadSessionTask.m */; };
		53246C171CF03B630019F86B /* HZScrollView.m in Sources */ = {isa = PBXBuildFile; fileRef = 53246BDA1CF03B630019F86B /* HZScrollView.m */; };
		53246C181CF03B630019F86B /* UIColor+HZExtend.m in Sources */ = {isa = PBXBuildFile; fileRef = 53246BDC1CF03B630019F86B /* UIColor+HZExtend.m */; };
		53246C191CF03B630019F86B /* UIImageView+HZExtend.m in Sources */ = {isa = PBXBuildFile; fileRef = 53246BDE1CF03B630019F86B /* UIImageView+HZExtend.m */; };
		53246C1A1CF03B630019F86B /* UIScrollView+HZExtend.m in Sources */ = {isa = PBXBuildFile; fileRef = 53246BE01CF03B630019F86B /* UIScrollView+HZExtend.m */; };
		53246C1B1CF03B630019F86B /* UIScrollView+HZRefresh.m in Sources */ = {isa = PBXBuildFile; fileRef = 53246BE21CF03B630019F86B /* UIScrollView+HZRefresh.m */; };
		53246C1C1CF03B630019F86B /* UIView+Action.m in Sources */ = {isa = PBXBuildFile; fileRef = 53246BE41CF03B630019F86B /* UIView+Action.m */; };
		53246C1D1CF03B630019F86B /* UIView+HZExtend.m in Sources */ = {isa = PBXBuildFile; fileRef = 53246BE61CF03B630019F86B /* UIView+HZExtend.m */; };
		53246C1E1CF03B630019F86B /* UIViewController+HZHUD.m in Sources */ = {isa = PBXBuildFile; fileRef = 53246BE81CF03B630019F86B /* UIViewController+HZHUD.m */; };
		53246C1F1CF03B630019F86B /* HZCircleView.m in Sources */ = {isa = PBXBuildFile; fileRef = 53246BEC1CF03B630019F86B /* HZCircleView.m */; };
		53246C201CF03B630019F86B /* HZRefreshAutoFooter.m in Sources */ = {isa = PBXBuildFile; fileRef = 53246BEE1CF03B630019F86B /* HZRefreshAutoFooter.m */; };
		53246C211CF03B630019F86B /* HZRefreshBackFooter.m in Sources */ = {isa = PBXBuildFile; fileRef = 53246BF01CF03B630019F86B /* HZRefreshBackFooter.m */; };
		53246C221CF03B630019F86B /* HZRefreshHeaderView.m in Sources */ = {isa = PBXBuildFile; fileRef = 53246BF21CF03B630019F86B /* HZRefreshHeaderView.m */; };
		53246C231CF03B630019F86B /* HZErrorViewController.m in Sources */ = {isa = PBXBuildFile; fileRef = 53246BF51CF03B630019F86B /* HZErrorViewController.m */; };
		53246C241CF03B630019F86B /* HZNavigationController.m in Sources */ = {isa = PBXBuildFile; fileRef = 53246BF71CF03B630019F86B /* HZNavigationController.m */; };
		53246C251CF03B630019F86B /* HZURLManageConfig.m in Sources */ = {isa = PBXBuildFile; fileRef = 53246BF91CF03B630019F86B /* HZURLManageConfig.m */; };
		53246C261CF03B630019F86B /* HZURLManager.m in Sources */ = {isa = PBXBuildFile; fileRef = 53246BFB1CF03B630019F86B /* HZURLManager.m */; };
		53246C271CF03B630019F86B /* HZURLNavigation.m in Sources */ = {isa = PBXBuildFile; fileRef = 53246BFD1CF03B630019F86B /* HZURLNavigation.m */; };
		53246C281CF03B630019F86B /* HZViewController.m in Sources */ = {isa = PBXBuildFile; fileRef = 53246BFF1CF03B630019F86B /* HZViewController.m */; };
		53246C291CF03B630019F86B /* HZWebViewController.m in Sources */ = {isa = PBXBuildFile; fileRef = 53246C011CF03B630019F86B /* HZWebViewController.m */; };
		53246C2A1CF03B630019F86B /* UIViewController+HZURLManager.m in Sources */ = {isa = PBXBuildFile; fileRef = 53246C031CF03B630019F86B /* UIViewController+HZURLManager.m */; };
		53246C2B1CF03B630019F86B /* HZSystem.m in Sources */ = {isa = PBXBuildFile; fileRef = 53246C071CF03B630019F86B /* HZSystem.m */; };
		53378E5A1CED8082003D1EF4 /* TestViewController.m in Sources */ = {isa = PBXBuildFile; fileRef = 53378E591CED8082003D1EF4 /* TestViewController.m */; };
		53BE90591CF0AF7800896604 /* error@2x.png in Resources */ = {isa = PBXBuildFile; fileRef = 53BE90571CF0AF7800896604 /* error@2x.png */; };
		53BE905A1CF0AF7800896604 /* success@2x.png in Resources */ = {isa = PBXBuildFile; fileRef = 53BE90581CF0AF7800896604 /* success@2x.png */; };
/* End PBXBuildFile section */

/* Begin PBXFileReference section */
		26A9E05E88C50341C5DA9D27 /* Pods-HZExtend-Demo.debug.xcconfig */ = {isa = PBXFileReference; includeInIndex = 1; lastKnownFileType = text.xcconfig; name = "Pods-HZExtend-Demo.debug.xcconfig"; path = "Pods/Target Support Files/Pods-HZExtend-Demo/Pods-HZExtend-Demo.debug.xcconfig"; sourceTree = "<group>"; };
		289E257C1C831C24001B0AA2 /* ExampleItemViewController.h */ = {isa = PBXFileReference; fileEncoding = 4; lastKnownFileType = sourcecode.c.h; path = ExampleItemViewController.h; sourceTree = "<group>"; };
		289E257D1C831C24001B0AA2 /* ExampleItemViewController.m */ = {isa = PBXFileReference; fileEncoding = 4; lastKnownFileType = sourcecode.c.objc; path = ExampleItemViewController.m; sourceTree = "<group>"; };
		289E257F1C832255001B0AA2 /* ExampleItemModel.h */ = {isa = PBXFileReference; fileEncoding = 4; lastKnownFileType = sourcecode.c.h; path = ExampleItemModel.h; sourceTree = "<group>"; };
		289E25801C832255001B0AA2 /* ExampleItemModel.m */ = {isa = PBXFileReference; fileEncoding = 4; lastKnownFileType = sourcecode.c.objc; path = ExampleItemModel.m; sourceTree = "<group>"; };
		289E25981C8325CA001B0AA2 /* URLViewController.h */ = {isa = PBXFileReference; fileEncoding = 4; lastKnownFileType = sourcecode.c.h; path = URLViewController.h; sourceTree = "<group>"; };
		289E25991C8325CA001B0AA2 /* URLViewController.m */ = {isa = PBXFileReference; fileEncoding = 4; lastKnownFileType = sourcecode.c.objc; path = URLViewController.m; sourceTree = "<group>"; };
		289E259B1C832735001B0AA2 /* BaseModel.h */ = {isa = PBXFileReference; fileEncoding = 4; lastKnownFileType = sourcecode.c.h; path = BaseModel.h; sourceTree = "<group>"; };
		289E259C1C832735001B0AA2 /* BaseModel.m */ = {isa = PBXFileReference; fileEncoding = 4; lastKnownFileType = sourcecode.c.objc; path = BaseModel.m; sourceTree = "<group>"; };
		289E259E1C833016001B0AA2 /* URLItemViewController.h */ = {isa = PBXFileReference; fileEncoding = 4; lastKnownFileType = sourcecode.c.h; path = URLItemViewController.h; sourceTree = "<group>"; };
		289E259F1C833016001B0AA2 /* URLItemViewController.m */ = {isa = PBXFileReference; fileEncoding = 4; lastKnownFileType = sourcecode.c.objc; path = URLItemViewController.m; sourceTree = "<group>"; };
		28E9C80B1C6F09AB00F7ED97 /* HZExtend-Demo.app */ = {isa = PBXFileReference; explicitFileType = wrapper.application; includeInIndex = 0; path = "HZExtend-Demo.app"; sourceTree = BUILT_PRODUCTS_DIR; };
		28E9C80F1C6F09AB00F7ED97 /* main.m */ = {isa = PBXFileReference; lastKnownFileType = sourcecode.c.objc; path = main.m; sourceTree = "<group>"; };
		28E9C8111C6F09AB00F7ED97 /* AppDelegate.h */ = {isa = PBXFileReference; lastKnownFileType = sourcecode.c.h; path = AppDelegate.h; sourceTree = "<group>"; };
		28E9C8121C6F09AB00F7ED97 /* AppDelegate.m */ = {isa = PBXFileReference; lastKnownFileType = sourcecode.c.objc; path = AppDelegate.m; sourceTree = "<group>"; };
		28E9C8141C6F09AB00F7ED97 /* ViewController.h */ = {isa = PBXFileReference; lastKnownFileType = sourcecode.c.h; path = ViewController.h; sourceTree = "<group>"; };
		28E9C8151C6F09AB00F7ED97 /* ViewController.m */ = {isa = PBXFileReference; lastKnownFileType = sourcecode.c.objc; path = ViewController.m; sourceTree = "<group>"; };
		28E9C81A1C6F09AB00F7ED97 /* Assets.xcassets */ = {isa = PBXFileReference; lastKnownFileType = folder.assetcatalog; path = Assets.xcassets; sourceTree = "<group>"; };
		28E9C81D1C6F09AB00F7ED97 /* Base */ = {isa = PBXFileReference; lastKnownFileType = file.storyboard; name = Base; path = Base.lproj/LaunchScreen.storyboard; sourceTree = "<group>"; };
		28E9C81F1C6F09AB00F7ED97 /* Info.plist */ = {isa = PBXFileReference; lastKnownFileType = text.plist.xml; path = Info.plist; sourceTree = "<group>"; };
		28E9C8831C6F219100F7ED97 /* SubjectViewModel.h */ = {isa = PBXFileReference; fileEncoding = 4; lastKnownFileType = sourcecode.c.h; path = SubjectViewModel.h; sourceTree = "<group>"; };
		28E9C8841C6F219100F7ED97 /* SubjectViewModel.m */ = {isa = PBXFileReference; fileEncoding = 4; lastKnownFileType = sourcecode.c.objc; path = SubjectViewModel.m; sourceTree = "<group>"; };
		28E9C8861C6F21A000F7ED97 /* SubjectModel.h */ = {isa = PBXFileReference; fileEncoding = 4; lastKnownFileType = sourcecode.c.h; path = SubjectModel.h; sourceTree = "<group>"; };
		28E9C8871C6F21A000F7ED97 /* SubjectModel.m */ = {isa = PBXFileReference; fileEncoding = 4; lastKnownFileType = sourcecode.c.objc; path = SubjectModel.m; sourceTree = "<group>"; };
		28E9C8891C6F220900F7ED97 /* SubjectList.h */ = {isa = PBXFileReference; fileEncoding = 4; lastKnownFileType = sourcecode.c.h; path = SubjectList.h; sourceTree = "<group>"; };
		28E9C88A1C6F220900F7ED97 /* SubjectList.m */ = {isa = PBXFileReference; fileEncoding = 4; lastKnownFileType = sourcecode.c.objc; path = SubjectList.m; sourceTree = "<group>"; };
		28E9C88C1C6F227100F7ED97 /* SubjectDay.h */ = {isa = PBXFileReference; fileEncoding = 4; lastKnownFileType = sourcecode.c.h; path = SubjectDay.h; sourceTree = "<group>"; };
		28E9C88D1C6F227100F7ED97 /* SubjectDay.m */ = {isa = PBXFileReference; fileEncoding = 4; lastKnownFileType = sourcecode.c.objc; path = SubjectDay.m; sourceTree = "<group>"; };
		28E9C88F1C6F22BB00F7ED97 /* SubjectItem.h */ = {isa = PBXFileReference; fileEncoding = 4; lastKnownFileType = sourcecode.c.h; path = SubjectItem.h; sourceTree = "<group>"; };
		28E9C8901C6F22BB00F7ED97 /* SubjectItem.m */ = {isa = PBXFileReference; fileEncoding = 4; lastKnownFileType = sourcecode.c.objc; path = SubjectItem.m; sourceTree = "<group>"; };
		28E9C8921C6F27E000F7ED97 /* Pagination.h */ = {isa = PBXFileReference; fileEncoding = 4; lastKnownFileType = sourcecode.c.h; path = Pagination.h; sourceTree = "<group>"; };
		28E9C8931C6F27E000F7ED97 /* Pagination.m */ = {isa = PBXFileReference; fileEncoding = 4; lastKnownFileType = sourcecode.c.objc; path = Pagination.m; sourceTree = "<group>"; };
		477B360C57E6583CCFD08A8A /* Pods.release.xcconfig */ = {isa = PBXFileReference; includeInIndex = 1; lastKnownFileType = text.xcconfig; name = Pods.release.xcconfig; path = "Pods/Target Support Files/Pods/Pods.release.xcconfig"; sourceTree = "<group>"; };
		5307D3B01CFADF8700EAB306 /* en */ = {isa = PBXFileReference; lastKnownFileType = text.plist.strings; name = en; path = en.lproj/Localizable.strings; sourceTree = "<group>"; };
		5307D3B21CFADF9100EAB306 /* Base */ = {isa = PBXFileReference; lastKnownFileType = text.plist.strings; name = Base; path = Base.lproj/Localizable.strings; sourceTree = "<group>"; };
		53246BB61CF03B630019F86B /* HZConst.h */ = {isa = PBXFileReference; fileEncoding = 4; lastKnownFileType = sourcecode.c.h; path = HZConst.h; sourceTree = "<group>"; };
		53246BB71CF03B630019F86B /* HZConst.m */ = {isa = PBXFileReference; fileEncoding = 4; lastKnownFileType = sourcecode.c.objc; path = HZConst.m; sourceTree = "<group>"; };
		53246BB81CF03B630019F86B /* HZObserver.h */ = {isa = PBXFileReference; fileEncoding = 4; lastKnownFileType = sourcecode.c.h; path = HZObserver.h; sourceTree = "<group>"; };
		53246BB91CF03B630019F86B /* HZObserver.m */ = {isa = PBXFileReference; fileEncoding = 4; lastKnownFileType = sourcecode.c.objc; path = HZObserver.m; sourceTree = "<group>"; };
		53246BBA1CF03B630019F86B /* NSArray+HZExtend.h */ = {isa = PBXFileReference; fileEncoding = 4; lastKnownFileType = sourcecode.c.h; path = "NSArray+HZExtend.h"; sourceTree = "<group>"; };
		53246BBB1CF03B630019F86B /* NSArray+HZExtend.m */ = {isa = PBXFileReference; fileEncoding = 4; lastKnownFileType = sourcecode.c.objc; path = "NSArray+HZExtend.m"; sourceTree = "<group>"; };
		53246BBC1CF03B630019F86B /* NSData+HZExtend.h */ = {isa = PBXFileReference; fileEncoding = 4; lastKnownFileType = sourcecode.c.h; path = "NSData+HZExtend.h"; sourceTree = "<group>"; };
		53246BBD1CF03B630019F86B /* NSData+HZExtend.m */ = {isa = PBXFileReference; fileEncoding = 4; lastKnownFileType = sourcecode.c.objc; path = "NSData+HZExtend.m"; sourceTree = "<group>"; };
		53246BBE1CF03B630019F86B /* NSDictionary+HZExtend.h */ = {isa = PBXFileReference; fileEncoding = 4; lastKnownFileType = sourcecode.c.h; path = "NSDictionary+HZExtend.h"; sourceTree = "<group>"; };
		53246BBF1CF03B630019F86B /* NSDictionary+HZExtend.m */ = {isa = PBXFileReference; fileEncoding = 4; lastKnownFileType = sourcecode.c.objc; path = "NSDictionary+HZExtend.m"; sourceTree = "<group>"; };
		53246BC01CF03B630019F86B /* NSMutableArray+HZExtend.h */ = {isa = PBXFileReference; fileEncoding = 4; lastKnownFileType = sourcecode.c.h; path = "NSMutableArray+HZExtend.h"; sourceTree = "<group>"; };
		53246BC11CF03B630019F86B /* NSMutableArray+HZExtend.m */ = {isa = PBXFileReference; fileEncoding = 4; lastKnownFileType = sourcecode.c.objc; path = "NSMutableArray+HZExtend.m"; sourceTree = "<group>"; };
		53246BC21CF03B630019F86B /* NSObject+HZExtend.h */ = {isa = PBXFileReference; fileEncoding = 4; lastKnownFileType = sourcecode.c.h; path = "NSObject+HZExtend.h"; sourceTree = "<group>"; };
		53246BC31CF03B630019F86B /* NSObject+HZExtend.m */ = {isa = PBXFileReference; fileEncoding = 4; lastKnownFileType = sourcecode.c.objc; path = "NSObject+HZExtend.m"; sourceTree = "<group>"; };
		53246BC41CF03B630019F86B /* NSString+HZExtend.h */ = {isa = PBXFileReference; fileEncoding = 4; lastKnownFileType = sourcecode.c.h; path = "NSString+HZExtend.h"; sourceTree = "<group>"; };
		53246BC51CF03B630019F86B /* NSString+HZExtend.m */ = {isa = PBXFileReference; fileEncoding = 4; lastKnownFileType = sourcecode.c.objc; path = "NSString+HZExtend.m"; sourceTree = "<group>"; };
		53246BC61CF03B630019F86B /* NSURL+HZExtend.h */ = {isa = PBXFileReference; fileEncoding = 4; lastKnownFileType = sourcecode.c.h; path = "NSURL+HZExtend.h"; sourceTree = "<group>"; };
		53246BC71CF03B630019F86B /* NSURL+HZExtend.m */ = {isa = PBXFileReference; fileEncoding = 4; lastKnownFileType = sourcecode.c.objc; path = "NSURL+HZExtend.m"; sourceTree = "<group>"; };
		53246BC81CF03B630019F86B /* Singleton.h */ = {isa = PBXFileReference; fileEncoding = 4; lastKnownFileType = sourcecode.c.h; path = Singleton.h; sourceTree = "<group>"; };
		53246BCA1CF03B630019F86B /* HZModel.h */ = {isa = PBXFileReference; fileEncoding = 4; lastKnownFileType = sourcecode.c.h; path = HZModel.h; sourceTree = "<group>"; };
		53246BCB1CF03B630019F86B /* HZModel.m */ = {isa = PBXFileReference; fileEncoding = 4; lastKnownFileType = sourcecode.c.objc; path = HZModel.m; sourceTree = "<group>"; };
		53246BCC1CF03B630019F86B /* HZViewModel.h */ = {isa = PBXFileReference; fileEncoding = 4; lastKnownFileType = sourcecode.c.h; path = HZViewModel.h; sourceTree = "<group>"; };
		53246BCD1CF03B630019F86B /* HZViewModel.m */ = {isa = PBXFileReference; fileEncoding = 4; lastKnownFileType = sourcecode.c.objc; path = HZViewModel.m; sourceTree = "<group>"; };
		53246BCF1CF03B630019F86B /* HZNetwork.h */ = {isa = PBXFileReference; fileEncoding = 4; lastKnownFileType = sourcecode.c.h; path = HZNetwork.h; sourceTree = "<group>"; };
		53246BD01CF03B630019F86B /* HZNetwork.m */ = {isa = PBXFileReference; fileEncoding = 4; lastKnownFileType = sourcecode.c.objc; path = HZNetwork.m; sourceTree = "<group>"; };
		53246BD11CF03B630019F86B /* NetworkConfig.h */ = {isa = PBXFileReference; fileEncoding = 4; lastKnownFileType = sourcecode.c.h; path = NetworkConfig.h; sourceTree = "<group>"; };
		53246BD21CF03B630019F86B /* NetworkConfig.m */ = {isa = PBXFileReference; fileEncoding = 4; lastKnownFileType = sourcecode.c.objc; path = NetworkConfig.m; sourceTree = "<group>"; };
		53246BD31CF03B630019F86B /* SessionTask.h */ = {isa = PBXFileReference; fileEncoding = 4; lastKnownFileType = sourcecode.c.h; path = SessionTask.h; sourceTree = "<group>"; };
		53246BD41CF03B630019F86B /* SessionTask.m */ = {isa = PBXFileReference; fileEncoding = 4; lastKnownFileType = sourcecode.c.objc; path = SessionTask.m; sourceTree = "<group>"; };
		53246BD51CF03B630019F86B /* UploadSessionTask.h */ = {isa = PBXFileReference; fileEncoding = 4; lastKnownFileType = sourcecode.c.h; path = UploadSessionTask.h; sourceTree = "<group>"; };
		53246BD61CF03B630019F86B /* UploadSessionTask.m */ = {isa = PBXFileReference; fileEncoding = 4; lastKnownFileType = sourcecode.c.objc; path = UploadSessionTask.m; sourceTree = "<group>"; };
		53246BD91CF03B630019F86B /* HZScrollView.h */ = {isa = PBXFileReference; fileEncoding = 4; lastKnownFileType = sourcecode.c.h; path = HZScrollView.h; sourceTree = "<group>"; };
		53246BDA1CF03B630019F86B /* HZScrollView.m */ = {isa = PBXFileReference; fileEncoding = 4; lastKnownFileType = sourcecode.c.objc; path = HZScrollView.m; sourceTree = "<group>"; };
		53246BDB1CF03B630019F86B /* UIColor+HZExtend.h */ = {isa = PBXFileReference; fileEncoding = 4; lastKnownFileType = sourcecode.c.h; path = "UIColor+HZExtend.h"; sourceTree = "<group>"; };
		53246BDC1CF03B630019F86B /* UIColor+HZExtend.m */ = {isa = PBXFileReference; fileEncoding = 4; lastKnownFileType = sourcecode.c.objc; path = "UIColor+HZExtend.m"; sourceTree = "<group>"; };
		53246BDD1CF03B630019F86B /* UIImageView+HZExtend.h */ = {isa = PBXFileReference; fileEncoding = 4; lastKnownFileType = sourcecode.c.h; path = "UIImageView+HZExtend.h"; sourceTree = "<group>"; };
		53246BDE1CF03B630019F86B /* UIImageView+HZExtend.m */ = {isa = PBXFileReference; fileEncoding = 4; lastKnownFileType = sourcecode.c.objc; path = "UIImageView+HZExtend.m"; sourceTree = "<group>"; };
		53246BDF1CF03B630019F86B /* UIScrollView+HZExtend.h */ = {isa = PBXFileReference; fileEncoding = 4; lastKnownFileType = sourcecode.c.h; path = "UIScrollView+HZExtend.h"; sourceTree = "<group>"; };
		53246BE01CF03B630019F86B /* UIScrollView+HZExtend.m */ = {isa = PBXFileReference; fileEncoding = 4; lastKnownFileType = sourcecode.c.objc; path = "UIScrollView+HZExtend.m"; sourceTree = "<group>"; };
		53246BE11CF03B630019F86B /* UIScrollView+HZRefresh.h */ = {isa = PBXFileReference; fileEncoding = 4; lastKnownFileType = sourcecode.c.h; path = "UIScrollView+HZRefresh.h"; sourceTree = "<group>"; };
		53246BE21CF03B630019F86B /* UIScrollView+HZRefresh.m */ = {isa = PBXFileReference; fileEncoding = 4; lastKnownFileType = sourcecode.c.objc; path = "UIScrollView+HZRefresh.m"; sourceTree = "<group>"; };
		53246BE31CF03B630019F86B /* UIView+Action.h */ = {isa = PBXFileReference; fileEncoding = 4; lastKnownFileType = sourcecode.c.h; path = "UIView+Action.h"; sourceTree = "<group>"; };
		53246BE41CF03B630019F86B /* UIView+Action.m */ = {isa = PBXFileReference; fileEncoding = 4; lastKnownFileType = sourcecode.c.objc; path = "UIView+Action.m"; sourceTree = "<group>"; };
		53246BE51CF03B630019F86B /* UIView+HZExtend.h */ = {isa = PBXFileReference; fileEncoding = 4; lastKnownFileType = sourcecode.c.h; path = "UIView+HZExtend.h"; sourceTree = "<group>"; };
		53246BE61CF03B630019F86B /* UIView+HZExtend.m */ = {isa = PBXFileReference; fileEncoding = 4; lastKnownFileType = sourcecode.c.objc; path = "UIView+HZExtend.m"; sourceTree = "<group>"; };
		53246BE71CF03B630019F86B /* UIViewController+HZHUD.h */ = {isa = PBXFileReference; fileEncoding = 4; lastKnownFileType = sourcecode.c.h; path = "UIViewController+HZHUD.h"; sourceTree = "<group>"; };
		53246BE81CF03B630019F86B /* UIViewController+HZHUD.m */ = {isa = PBXFileReference; fileEncoding = 4; lastKnownFileType = sourcecode.c.objc; path = "UIViewController+HZHUD.m"; sourceTree = "<group>"; };
		53246BEB1CF03B630019F86B /* HZCircleView.h */ = {isa = PBXFileReference; fileEncoding = 4; lastKnownFileType = sourcecode.c.h; path = HZCircleView.h; sourceTree = "<group>"; };
		53246BEC1CF03B630019F86B /* HZCircleView.m */ = {isa = PBXFileReference; fileEncoding = 4; lastKnownFileType = sourcecode.c.objc; path = HZCircleView.m; sourceTree = "<group>"; };
		53246BED1CF03B630019F86B /* HZRefreshAutoFooter.h */ = {isa = PBXFileReference; fileEncoding = 4; lastKnownFileType = sourcecode.c.h; path = HZRefreshAutoFooter.h; sourceTree = "<group>"; };
		53246BEE1CF03B630019F86B /* HZRefreshAutoFooter.m */ = {isa = PBXFileReference; fileEncoding = 4; lastKnownFileType = sourcecode.c.objc; path = HZRefreshAutoFooter.m; sourceTree = "<group>"; };
		53246BEF1CF03B630019F86B /* HZRefreshBackFooter.h */ = {isa = PBXFileReference; fileEncoding = 4; lastKnownFileType = sourcecode.c.h; path = HZRefreshBackFooter.h; sourceTree = "<group>"; };
		53246BF01CF03B630019F86B /* HZRefreshBackFooter.m */ = {isa = PBXFileReference; fileEncoding = 4; lastKnownFileType = sourcecode.c.objc; path = HZRefreshBackFooter.m; sourceTree = "<group>"; };
		53246BF11CF03B630019F86B /* HZRefreshHeaderView.h */ = {isa = PBXFileReference; fileEncoding = 4; lastKnownFileType = sourcecode.c.h; path = HZRefreshHeaderView.h; sourceTree = "<group>"; };
		53246BF21CF03B630019F86B /* HZRefreshHeaderView.m */ = {isa = PBXFileReference; fileEncoding = 4; lastKnownFileType = sourcecode.c.objc; path = HZRefreshHeaderView.m; sourceTree = "<group>"; };
		53246BF41CF03B630019F86B /* HZErrorViewController.h */ = {isa = PBXFileReference; fileEncoding = 4; lastKnownFileType = sourcecode.c.h; path = HZErrorViewController.h; sourceTree = "<group>"; };
		53246BF51CF03B630019F86B /* HZErrorViewController.m */ = {isa = PBXFileReference; fileEncoding = 4; lastKnownFileType = sourcecode.c.objc; path = HZErrorViewController.m; sourceTree = "<group>"; };
		53246BF61CF03B630019F86B /* HZNavigationController.h */ = {isa = PBXFileReference; fileEncoding = 4; lastKnownFileType = sourcecode.c.h; path = HZNavigationController.h; sourceTree = "<group>"; };
		53246BF71CF03B630019F86B /* HZNavigationController.m */ = {isa = PBXFileReference; fileEncoding = 4; lastKnownFileType = sourcecode.c.objc; path = HZNavigationController.m; sourceTree = "<group>"; };
		53246BF81CF03B630019F86B /* HZURLManageConfig.h */ = {isa = PBXFileReference; fileEncoding = 4; lastKnownFileType = sourcecode.c.h; path = HZURLManageConfig.h; sourceTree = "<group>"; };
		53246BF91CF03B630019F86B /* HZURLManageConfig.m */ = {isa = PBXFileReference; fileEncoding = 4; lastKnownFileType = sourcecode.c.objc; path = HZURLManageConfig.m; sourceTree = "<group>"; };
		53246BFA1CF03B630019F86B /* HZURLManager.h */ = {isa = PBXFileReference; fileEncoding = 4; lastKnownFileType = sourcecode.c.h; path = HZURLManager.h; sourceTree = "<group>"; };
		53246BFB1CF03B630019F86B /* HZURLManager.m */ = {isa = PBXFileReference; fileEncoding = 4; lastKnownFileType = sourcecode.c.objc; path = HZURLManager.m; sourceTree = "<group>"; };
		53246BFC1CF03B630019F86B /* HZURLNavigation.h */ = {isa = PBXFileReference; fileEncoding = 4; lastKnownFileType = sourcecode.c.h; path = HZURLNavigation.h; sourceTree = "<group>"; };
		53246BFD1CF03B630019F86B /* HZURLNavigation.m */ = {isa = PBXFileReference; fileEncoding = 4; lastKnownFileType = sourcecode.c.objc; path = HZURLNavigation.m; sourceTree = "<group>"; };
		53246BFE1CF03B630019F86B /* HZViewController.h */ = {isa = PBXFileReference; fileEncoding = 4; lastKnownFileType = sourcecode.c.h; path = HZViewController.h; sourceTree = "<group>"; };
		53246BFF1CF03B630019F86B /* HZViewController.m */ = {isa = PBXFileReference; fileEncoding = 4; lastKnownFileType = sourcecode.c.objc; path = HZViewController.m; sourceTree = "<group>"; };
		53246C001CF03B630019F86B /* HZWebViewController.h */ = {isa = PBXFileReference; fileEncoding = 4; lastKnownFileType = sourcecode.c.h; path = HZWebViewController.h; sourceTree = "<group>"; };
		53246C011CF03B630019F86B /* HZWebViewController.m */ = {isa = PBXFileReference; fileEncoding = 4; lastKnownFileType = sourcecode.c.objc; path = HZWebViewController.m; sourceTree = "<group>"; };
		53246C021CF03B630019F86B /* UIViewController+HZURLManager.h */ = {isa = PBXFileReference; fileEncoding = 4; lastKnownFileType = sourcecode.c.h; path = "UIViewController+HZURLManager.h"; sourceTree = "<group>"; };
		53246C031CF03B630019F86B /* UIViewController+HZURLManager.m */ = {isa = PBXFileReference; fileEncoding = 4; lastKnownFileType = sourcecode.c.objc; path = "UIViewController+HZURLManager.m"; sourceTree = "<group>"; };
		53246C041CF03B630019F86B /* HZExtend.h */ = {isa = PBXFileReference; fileEncoding = 4; lastKnownFileType = sourcecode.c.h; path = HZExtend.h; sourceTree = "<group>"; };
		53246C061CF03B630019F86B /* HZSystem.h */ = {isa = PBXFileReference; fileEncoding = 4; lastKnownFileType = sourcecode.c.h; path = HZSystem.h; sourceTree = "<group>"; };
		53246C071CF03B630019F86B /* HZSystem.m */ = {isa = PBXFileReference; fileEncoding = 4; lastKnownFileType = sourcecode.c.objc; path = HZSystem.m; sourceTree = "<group>"; };
		53378E581CED8082003D1EF4 /* TestViewController.h */ = {isa = PBXFileReference; fileEncoding = 4; lastKnownFileType = sourcecode.c.h; path = TestViewController.h; sourceTree = "<group>"; };
		53378E591CED8082003D1EF4 /* TestViewController.m */ = {isa = PBXFileReference; fileEncoding = 4; lastKnownFileType = sourcecode.c.objc; path = TestViewController.m; sourceTree = "<group>"; };
		53BE90571CF0AF7800896604 /* error@2x.png */ = {isa = PBXFileReference; lastKnownFileType = image.png; path = "error@2x.png"; sourceTree = "<group>"; };
		53BE90581CF0AF7800896604 /* success@2x.png */ = {isa = PBXFileReference; lastKnownFileType = image.png; path = "success@2x.png"; sourceTree = "<group>"; };
		907B91A1045CD47BE556E358 /* libPods-HZExtend-Demo.a */ = {isa = PBXFileReference; explicitFileType = archive.ar; includeInIndex = 0; path = "libPods-HZExtend-Demo.a"; sourceTree = BUILT_PRODUCTS_DIR; };
		CD322A46CC35057CD9B51923 /* Pods-HZExtend-Demo.release.xcconfig */ = {isa = PBXFileReference; includeInIndex = 1; lastKnownFileType = text.xcconfig; name = "Pods-HZExtend-Demo.release.xcconfig"; path = "Pods/Target Support Files/Pods-HZExtend-Demo/Pods-HZExtend-Demo.release.xcconfig"; sourceTree = "<group>"; };
		EE085C48EE71D01B3D28C20B /* Pods.debug.xcconfig */ = {isa = PBXFileReference; includeInIndex = 1; lastKnownFileType = text.xcconfig; name = Pods.debug.xcconfig; path = "Pods/Target Support Files/Pods/Pods.debug.xcconfig"; sourceTree = "<group>"; };
		F479BAC070C3A341F3A3C22E /* libPods.a */ = {isa = PBXFileReference; explicitFileType = archive.ar; includeInIndex = 0; path = libPods.a; sourceTree = BUILT_PRODUCTS_DIR; };
/* End PBXFileReference section */

/* Begin PBXFrameworksBuildPhase section */
		28E9C8081C6F09AB00F7ED97 /* Frameworks */ = {
			isa = PBXFrameworksBuildPhase;
			buildActionMask = 2147483647;
			files = (
				190FE837F4D541138AD5E03F /* libPods-HZExtend-Demo.a in Frameworks */,
			);
			runOnlyForDeploymentPostprocessing = 0;
		};
/* End PBXFrameworksBuildPhase section */

/* Begin PBXGroup section */
		289E257B1C831BEF001B0AA2 /* Ctrl */ = {
			isa = PBXGroup;
			children = (
				28E9C8141C6F09AB00F7ED97 /* ViewController.h */,
				28E9C8151C6F09AB00F7ED97 /* ViewController.m */,
				289E257C1C831C24001B0AA2 /* ExampleItemViewController.h */,
				289E257D1C831C24001B0AA2 /* ExampleItemViewController.m */,
				289E25981C8325CA001B0AA2 /* URLViewController.h */,
				289E25991C8325CA001B0AA2 /* URLViewController.m */,
				289E259E1C833016001B0AA2 /* URLItemViewController.h */,
				289E259F1C833016001B0AA2 /* URLItemViewController.m */,
			);
			name = Ctrl;
			sourceTree = "<group>";
		};
		28E9C8021C6F09AB00F7ED97 = {
			isa = PBXGroup;
			children = (
				28E9C80D1C6F09AB00F7ED97 /* HZExtend-Demo */,
				28E9C80C1C6F09AB00F7ED97 /* Products */,
				DA5F4CEEC55DEEBC96091247 /* Pods */,
				457B1367D86094A7831C1120 /* Frameworks */,
			);
			sourceTree = "<group>";
		};
		28E9C80C1C6F09AB00F7ED97 /* Products */ = {
			isa = PBXGroup;
			children = (
				28E9C80B1C6F09AB00F7ED97 /* HZExtend-Demo.app */,
			);
			name = Products;
			sourceTree = "<group>";
		};
		28E9C80D1C6F09AB00F7ED97 /* HZExtend-Demo */ = {
			isa = PBXGroup;
			children = (
				53246BB31CF03B630019F86B /* Classes */,
				53378E571CED804C003D1EF4 /* Test */,
				289E257B1C831BEF001B0AA2 /* Ctrl */,
				28E9C8821C6F217B00F7ED97 /* Model */,
				28E9C8111C6F09AB00F7ED97 /* AppDelegate.h */,
				28E9C8121C6F09AB00F7ED97 /* AppDelegate.m */,
				28E9C81A1C6F09AB00F7ED97 /* Assets.xcassets */,
				28E9C81C1C6F09AB00F7ED97 /* LaunchScreen.storyboard */,
				28E9C81F1C6F09AB00F7ED97 /* Info.plist */,
				28E9C80E1C6F09AB00F7ED97 /* Supporting Files */,
			);
			path = "HZExtend-Demo";
			sourceTree = "<group>";
		};
		28E9C80E1C6F09AB00F7ED97 /* Supporting Files */ = {
			isa = PBXGroup;
			children = (
				53BE90561CF0AF7800896604 /* images */,
				28E9C80F1C6F09AB00F7ED97 /* main.m */,
				5307D3B11CFADF8700EAB306 /* Localizable.strings */,
			);
			name = "Supporting Files";
			sourceTree = "<group>";
		};
		28E9C8821C6F217B00F7ED97 /* Model */ = {
			isa = PBXGroup;
			children = (
				28E9C8831C6F219100F7ED97 /* SubjectViewModel.h */,
				28E9C8841C6F219100F7ED97 /* SubjectViewModel.m */,
				28E9C8861C6F21A000F7ED97 /* SubjectModel.h */,
				28E9C8871C6F21A000F7ED97 /* SubjectModel.m */,
				28E9C8891C6F220900F7ED97 /* SubjectList.h */,
				28E9C88A1C6F220900F7ED97 /* SubjectList.m */,
				28E9C88C1C6F227100F7ED97 /* SubjectDay.h */,
				28E9C88D1C6F227100F7ED97 /* SubjectDay.m */,
				28E9C88F1C6F22BB00F7ED97 /* SubjectItem.h */,
				28E9C8901C6F22BB00F7ED97 /* SubjectItem.m */,
				28E9C8921C6F27E000F7ED97 /* Pagination.h */,
				28E9C8931C6F27E000F7ED97 /* Pagination.m */,
				289E257F1C832255001B0AA2 /* ExampleItemModel.h */,
				289E25801C832255001B0AA2 /* ExampleItemModel.m */,
				289E259B1C832735001B0AA2 /* BaseModel.h */,
				289E259C1C832735001B0AA2 /* BaseModel.m */,
			);
			name = Model;
			sourceTree = "<group>";
		};
		457B1367D86094A7831C1120 /* Frameworks */ = {
			isa = PBXGroup;
			children = (
				F479BAC070C3A341F3A3C22E /* libPods.a */,
				907B91A1045CD47BE556E358 /* libPods-HZExtend-Demo.a */,
			);
			name = Frameworks;
			sourceTree = "<group>";
		};
		53246BB31CF03B630019F86B /* Classes */ = {
			isa = PBXGroup;
			children = (
				53246C041CF03B630019F86B /* HZExtend.h */,
				53246BB41CF03B630019F86B /* Core */,
				53246C051CF03B630019F86B /* Other */,
			);
			path = Classes;
			sourceTree = "<group>";
		};
		53246BB41CF03B630019F86B /* Core */ = {
			isa = PBXGroup;
			children = (
				53246BB51CF03B630019F86B /* Foundation */,
				53246BC91CF03B630019F86B /* Model */,
				53246BCE1CF03B630019F86B /* Network */,
				53246BD71CF03B630019F86B /* UIKit */,
				53246BF31CF03B630019F86B /* URLManager */,
			);
			path = Core;
			sourceTree = "<group>";
		};
		53246BB51CF03B630019F86B /* Foundation */ = {
			isa = PBXGroup;
			children = (
				53246BB61CF03B630019F86B /* HZConst.h */,
				53246BB71CF03B630019F86B /* HZConst.m */,
				53246BB81CF03B630019F86B /* HZObserver.h */,
				53246BB91CF03B630019F86B /* HZObserver.m */,
				53246BBA1CF03B630019F86B /* NSArray+HZExtend.h */,
				53246BBB1CF03B630019F86B /* NSArray+HZExtend.m */,
				53246BBC1CF03B630019F86B /* NSData+HZExtend.h */,
				53246BBD1CF03B630019F86B /* NSData+HZExtend.m */,
				53246BBE1CF03B630019F86B /* NSDictionary+HZExtend.h */,
				53246BBF1CF03B630019F86B /* NSDictionary+HZExtend.m */,
				53246BC01CF03B630019F86B /* NSMutableArray+HZExtend.h */,
				53246BC11CF03B630019F86B /* NSMutableArray+HZExtend.m */,
				53246BC21CF03B630019F86B /* NSObject+HZExtend.h */,
				53246BC31CF03B630019F86B /* NSObject+HZExtend.m */,
				53246BC41CF03B630019F86B /* NSString+HZExtend.h */,
				53246BC51CF03B630019F86B /* NSString+HZExtend.m */,
				53246BC61CF03B630019F86B /* NSURL+HZExtend.h */,
				53246BC71CF03B630019F86B /* NSURL+HZExtend.m */,
				53246BC81CF03B630019F86B /* Singleton.h */,
			);
			path = Foundation;
			sourceTree = "<group>";
		};
		53246BC91CF03B630019F86B /* Model */ = {
			isa = PBXGroup;
			children = (
				53246BCA1CF03B630019F86B /* HZModel.h */,
				53246BCB1CF03B630019F86B /* HZModel.m */,
				53246BCC1CF03B630019F86B /* HZViewModel.h */,
				53246BCD1CF03B630019F86B /* HZViewModel.m */,
			);
			path = Model;
			sourceTree = "<group>";
		};
		53246BCE1CF03B630019F86B /* Network */ = {
			isa = PBXGroup;
			children = (
				53246BCF1CF03B630019F86B /* HZNetwork.h */,
				53246BD01CF03B630019F86B /* HZNetwork.m */,
				53246BD11CF03B630019F86B /* NetworkConfig.h */,
				53246BD21CF03B630019F86B /* NetworkConfig.m */,
				53246BD31CF03B630019F86B /* SessionTask.h */,
				53246BD41CF03B630019F86B /* SessionTask.m */,
				53246BD51CF03B630019F86B /* UploadSessionTask.h */,
				53246BD61CF03B630019F86B /* UploadSessionTask.m */,
			);
			path = Network;
			sourceTree = "<group>";
		};
		53246BD71CF03B630019F86B /* UIKit */ = {
			isa = PBXGroup;
			children = (
				53246BD81CF03B630019F86B /* Base */,
				53246BE91CF03B630019F86B /* Custom */,
			);
			path = UIKit;
			sourceTree = "<group>";
		};
		53246BD81CF03B630019F86B /* Base */ = {
			isa = PBXGroup;
			children = (
				53246BD91CF03B630019F86B /* HZScrollView.h */,
				53246BDA1CF03B630019F86B /* HZScrollView.m */,
				53246BDB1CF03B630019F86B /* UIColor+HZExtend.h */,
				53246BDC1CF03B630019F86B /* UIColor+HZExtend.m */,
				53246BDD1CF03B630019F86B /* UIImageView+HZExtend.h */,
				53246BDE1CF03B630019F86B /* UIImageView+HZExtend.m */,
				53246BDF1CF03B630019F86B /* UIScrollView+HZExtend.h */,
				53246BE01CF03B630019F86B /* UIScrollView+HZExtend.m */,
				53246BE11CF03B630019F86B /* UIScrollView+HZRefresh.h */,
				53246BE21CF03B630019F86B /* UIScrollView+HZRefresh.m */,
				53246BE31CF03B630019F86B /* UIView+Action.h */,
				53246BE41CF03B630019F86B /* UIView+Action.m */,
				53246BE51CF03B630019F86B /* UIView+HZExtend.h */,
				53246BE61CF03B630019F86B /* UIView+HZExtend.m */,
				53246BE71CF03B630019F86B /* UIViewController+HZHUD.h */,
				53246BE81CF03B630019F86B /* UIViewController+HZHUD.m */,
			);
			path = Base;
			sourceTree = "<group>";
		};
		53246BE91CF03B630019F86B /* Custom */ = {
			isa = PBXGroup;
			children = (
				53246BEA1CF03B630019F86B /* Refresh */,
			);
			path = Custom;
			sourceTree = "<group>";
		};
		53246BEA1CF03B630019F86B /* Refresh */ = {
			isa = PBXGroup;
			children = (
				53246BEB1CF03B630019F86B /* HZCircleView.h */,
				53246BEC1CF03B630019F86B /* HZCircleView.m */,
				53246BED1CF03B630019F86B /* HZRefreshAutoFooter.h */,
				53246BEE1CF03B630019F86B /* HZRefreshAutoFooter.m */,
				53246BEF1CF03B630019F86B /* HZRefreshBackFooter.h */,
				53246BF01CF03B630019F86B /* HZRefreshBackFooter.m */,
				53246BF11CF03B630019F86B /* HZRefreshHeaderView.h */,
				53246BF21CF03B630019F86B /* HZRefreshHeaderView.m */,
			);
			path = Refresh;
			sourceTree = "<group>";
		};
		53246BF31CF03B630019F86B /* URLManager */ = {
			isa = PBXGroup;
			children = (
				53246BF41CF03B630019F86B /* HZErrorViewController.h */,
				53246BF51CF03B630019F86B /* HZErrorViewController.m */,
				53246BF61CF03B630019F86B /* HZNavigationController.h */,
				53246BF71CF03B630019F86B /* HZNavigationController.m */,
				53246BF81CF03B630019F86B /* HZURLManageConfig.h */,
				53246BF91CF03B630019F86B /* HZURLManageConfig.m */,
				53246BFA1CF03B630019F86B /* HZURLManager.h */,
				53246BFB1CF03B630019F86B /* HZURLManager.m */,
				53246BFC1CF03B630019F86B /* HZURLNavigation.h */,
				53246BFD1CF03B630019F86B /* HZURLNavigation.m */,
				53246BFE1CF03B630019F86B /* HZViewController.h */,
				53246BFF1CF03B630019F86B /* HZViewController.m */,
				53246C001CF03B630019F86B /* HZWebViewController.h */,
				53246C011CF03B630019F86B /* HZWebViewController.m */,
				53246C021CF03B630019F86B /* UIViewController+HZURLManager.h */,
				53246C031CF03B630019F86B /* UIViewController+HZURLManager.m */,
			);
			path = URLManager;
			sourceTree = "<group>";
		};
		53246C051CF03B630019F86B /* Other */ = {
			isa = PBXGroup;
			children = (
				53246C061CF03B630019F86B /* HZSystem.h */,
				53246C071CF03B630019F86B /* HZSystem.m */,
			);
			path = Other;
			sourceTree = "<group>";
		};
		53378E571CED804C003D1EF4 /* Test */ = {
			isa = PBXGroup;
			children = (
				53378E581CED8082003D1EF4 /* TestViewController.h */,
				53378E591CED8082003D1EF4 /* TestViewController.m */,
			);
			path = Test;
			sourceTree = "<group>";
		};
		53BE90561CF0AF7800896604 /* images */ = {
			isa = PBXGroup;
			children = (
				53BE90571CF0AF7800896604 /* error@2x.png */,
				53BE90581CF0AF7800896604 /* success@2x.png */,
			);
			path = images;
			sourceTree = "<group>";
		};
		DA5F4CEEC55DEEBC96091247 /* Pods */ = {
			isa = PBXGroup;
			children = (
				EE085C48EE71D01B3D28C20B /* Pods.debug.xcconfig */,
				477B360C57E6583CCFD08A8A /* Pods.release.xcconfig */,
				26A9E05E88C50341C5DA9D27 /* Pods-HZExtend-Demo.debug.xcconfig */,
				CD322A46CC35057CD9B51923 /* Pods-HZExtend-Demo.release.xcconfig */,
			);
			name = Pods;
			sourceTree = "<group>";
		};
/* End PBXGroup section */

/* Begin PBXNativeTarget section */
		28E9C80A1C6F09AB00F7ED97 /* HZExtend-Demo */ = {
			isa = PBXNativeTarget;
			buildConfigurationList = 28E9C8221C6F09AB00F7ED97 /* Build configuration list for PBXNativeTarget "HZExtend-Demo" */;
			buildPhases = (
				291521A4E47692FA5D31C8DB /* 📦 Check Pods Manifest.lock */,
				28E9C8071C6F09AB00F7ED97 /* Sources */,
				28E9C8081C6F09AB00F7ED97 /* Frameworks */,
				28E9C8091C6F09AB00F7ED97 /* Resources */,
				A37DEC58BD422DD39CDA6C18 /* 📦 Embed Pods Frameworks */,
				448F2222AF864B1BCF15CD67 /* 📦 Copy Pods Resources */,
			);
			buildRules = (
			);
			dependencies = (
			);
			name = "HZExtend-Demo";
			productName = "HZExtend-Demo";
			productReference = 28E9C80B1C6F09AB00F7ED97 /* HZExtend-Demo.app */;
			productType = "com.apple.product-type.application";
		};
/* End PBXNativeTarget section */

/* Begin PBXProject section */
		28E9C8031C6F09AB00F7ED97 /* Project object */ = {
			isa = PBXProject;
			attributes = {
				CLASSPREFIX = HZ;
				LastUpgradeCheck = 0720;
				ORGANIZATIONNAME = GeniusBrother;
				TargetAttributes = {
					28E9C80A1C6F09AB00F7ED97 = {
						CreatedOnToolsVersion = 7.2.1;
						DevelopmentTeam = ZWYDC45N9N;
					};
				};
			};
			buildConfigurationList = 28E9C8061C6F09AB00F7ED97 /* Build configuration list for PBXProject "HZExtend-Demo" */;
			compatibilityVersion = "Xcode 3.2";
			developmentRegion = English;
			hasScannedForEncodings = 0;
			knownRegions = (
				en,
				Base,
			);
			mainGroup = 28E9C8021C6F09AB00F7ED97;
			productRefGroup = 28E9C80C1C6F09AB00F7ED97 /* Products */;
			projectDirPath = "";
			projectRoot = "";
			targets = (
				28E9C80A1C6F09AB00F7ED97 /* HZExtend-Demo */,
			);
		};
/* End PBXProject section */

/* Begin PBXResourcesBuildPhase section */
		28E9C8091C6F09AB00F7ED97 /* Resources */ = {
			isa = PBXResourcesBuildPhase;
			buildActionMask = 2147483647;
			files = (
				5307D3AF1CFADF8700EAB306 /* Localizable.strings in Resources */,
				53BE905A1CF0AF7800896604 /* success@2x.png in Resources */,
				53BE90591CF0AF7800896604 /* error@2x.png in Resources */,
				28E9C81E1C6F09AB00F7ED97 /* LaunchScreen.storyboard in Resources */,
				28E9C81B1C6F09AB00F7ED97 /* Assets.xcassets in Resources */,
			);
			runOnlyForDeploymentPostprocessing = 0;
		};
/* End PBXResourcesBuildPhase section */

/* Begin PBXShellScriptBuildPhase section */
		291521A4E47692FA5D31C8DB /* 📦 Check Pods Manifest.lock */ = {
			isa = PBXShellScriptBuildPhase;
			buildActionMask = 2147483647;
			files = (
			);
			inputPaths = (
			);
			name = "📦 Check Pods Manifest.lock";
			outputPaths = (
			);
			runOnlyForDeploymentPostprocessing = 0;
			shellPath = /bin/sh;
			shellScript = "diff \"${PODS_ROOT}/../Podfile.lock\" \"${PODS_ROOT}/Manifest.lock\" > /dev/null\nif [[ $? != 0 ]] ; then\n    cat << EOM\nerror: The sandbox is not in sync with the Podfile.lock. Run 'pod install' or update your CocoaPods installation.\nEOM\n    exit 1\nfi\n";
			showEnvVarsInLog = 0;
		};
		448F2222AF864B1BCF15CD67 /* 📦 Copy Pods Resources */ = {
			isa = PBXShellScriptBuildPhase;
			buildActionMask = 2147483647;
			files = (
			);
			inputPaths = (
			);
			name = "📦 Copy Pods Resources";
			outputPaths = (
			);
			runOnlyForDeploymentPostprocessing = 0;
			shellPath = /bin/sh;
			shellScript = "\"${SRCROOT}/Pods/Target Support Files/Pods-HZExtend-Demo/Pods-HZExtend-Demo-resources.sh\"\n";
			showEnvVarsInLog = 0;
		};
		A37DEC58BD422DD39CDA6C18 /* 📦 Embed Pods Frameworks */ = {
			isa = PBXShellScriptBuildPhase;
			buildActionMask = 2147483647;
			files = (
			);
			inputPaths = (
			);
			name = "📦 Embed Pods Frameworks";
			outputPaths = (
			);
			runOnlyForDeploymentPostprocessing = 0;
			shellPath = /bin/sh;
			shellScript = "\"${SRCROOT}/Pods/Target Support Files/Pods-HZExtend-Demo/Pods-HZExtend-Demo-frameworks.sh\"\n";
			showEnvVarsInLog = 0;
		};
/* End PBXShellScriptBuildPhase section */

/* Begin PBXSourcesBuildPhase section */
		28E9C8071C6F09AB00F7ED97 /* Sources */ = {
			isa = PBXSourcesBuildPhase;
			buildActionMask = 2147483647;
			files = (
				289E25A01C833016001B0AA2 /* URLItemViewController.m in Sources */,
				53246C2B1CF03B630019F86B /* HZSystem.m in Sources */,
				53246C221CF03B630019F86B /* HZRefreshHeaderView.m in Sources */,
				53246C251CF03B630019F86B /* HZURLManageConfig.m in Sources */,
				53246C201CF03B630019F86B /* HZRefreshAutoFooter.m in Sources */,
				53246C1A1CF03B630019F86B /* UIScrollView+HZExtend.m in Sources */,
				28E9C8161C6F09AB00F7ED97 /* ViewController.m in Sources */,
				53246C1D1CF03B630019F86B /* UIView+HZExtend.m in Sources */,
				53246C141CF03B630019F86B /* NetworkConfig.m in Sources */,
				53246C0F1CF03B630019F86B /* NSString+HZExtend.m in Sources */,
				53246C271CF03B630019F86B /* HZURLNavigation.m in Sources */,
				53246C111CF03B630019F86B /* HZModel.m in Sources */,
				289E257E1C831C24001B0AA2 /* ExampleItemViewController.m in Sources */,
				53246C0D1CF03B630019F86B /* NSMutableArray+HZExtend.m in Sources */,
				53246C1C1CF03B630019F86B /* UIView+Action.m in Sources */,
				28E9C88B1C6F220900F7ED97 /* SubjectList.m in Sources */,
				28E9C8881C6F21A000F7ED97 /* SubjectModel.m in Sources */,
				53246C291CF03B630019F86B /* HZWebViewController.m in Sources */,
				289E259D1C832735001B0AA2 /* BaseModel.m in Sources */,
				289E25811C832255001B0AA2 /* ExampleItemModel.m in Sources */,
				28E9C8131C6F09AB00F7ED97 /* AppDelegate.m in Sources */,
				53246C241CF03B630019F86B /* HZNavigationController.m in Sources */,
				53246C161CF03B630019F86B /* UploadSessionTask.m in Sources */,
				53246C191CF03B630019F86B /* UIImageView+HZExtend.m in Sources */,
				53246C0A1CF03B630019F86B /* NSArray+HZExtend.m in Sources */,
				53246C171CF03B630019F86B /* HZScrollView.m in Sources */,
				28E9C8941C6F27E000F7ED97 /* Pagination.m in Sources */,
				53246C101CF03B630019F86B /* NSURL+HZExtend.m in Sources */,
				53246C121CF03B630019F86B /* HZViewModel.m in Sources */,
				53246C091CF03B630019F86B /* HZObserver.m in Sources */,
				53246C1F1CF03B630019F86B /* HZCircleView.m in Sources */,
				53378E5A1CED8082003D1EF4 /* TestViewController.m in Sources */,
				53246C281CF03B630019F86B /* HZViewController.m in Sources */,
				289E259A1C8325CA001B0AA2 /* URLViewController.m in Sources */,
				28E9C8911C6F22BB00F7ED97 /* SubjectItem.m in Sources */,
				53246C0E1CF03B630019F86B /* NSObject+HZExtend.m in Sources */,
				53246C211CF03B630019F86B /* HZRefreshBackFooter.m in Sources */,
				53246C261CF03B630019F86B /* HZURLManager.m in Sources */,
				28E9C8851C6F219100F7ED97 /* SubjectViewModel.m in Sources */,
				53246C231CF03B630019F86B /* HZErrorViewController.m in Sources */,
				53246C081CF03B630019F86B /* HZConst.m in Sources */,
				28E9C88E1C6F227100F7ED97 /* SubjectDay.m in Sources */,
				53246C151CF03B630019F86B /* SessionTask.m in Sources */,
				53246C1B1CF03B630019F86B /* UIScrollView+HZRefresh.m in Sources */,
				28E9C8101C6F09AB00F7ED97 /* main.m in Sources */,
				53246C131CF03B630019F86B /* HZNetwork.m in Sources */,
				53246C1E1CF03B630019F86B /* UIViewController+HZHUD.m in Sources */,
				53246C2A1CF03B630019F86B /* UIViewController+HZURLManager.m in Sources */,
				53246C0C1CF03B630019F86B /* NSDictionary+HZExtend.m in Sources */,
				53246C0B1CF03B630019F86B /* NSData+HZExtend.m in Sources */,
				53246C181CF03B630019F86B /* UIColor+HZExtend.m in Sources */,
			);
			runOnlyForDeploymentPostprocessing = 0;
		};
/* End PBXSourcesBuildPhase section */

/* Begin PBXVariantGroup section */
		28E9C81C1C6F09AB00F7ED97 /* LaunchScreen.storyboard */ = {
			isa = PBXVariantGroup;
			children = (
				28E9C81D1C6F09AB00F7ED97 /* Base */,
			);
			name = LaunchScreen.storyboard;
			sourceTree = "<group>";
		};
		5307D3B11CFADF8700EAB306 /* Localizable.strings */ = {
			isa = PBXVariantGroup;
			children = (
				5307D3B01CFADF8700EAB306 /* en */,
				5307D3B21CFADF9100EAB306 /* Base */,
			);
			name = Localizable.strings;
			sourceTree = "<group>";
		};
/* End PBXVariantGroup section */

/* Begin XCBuildConfiguration section */
		28E9C8201C6F09AB00F7ED97 /* Debug */ = {
			isa = XCBuildConfiguration;
			buildSettings = {
				ALWAYS_SEARCH_USER_PATHS = NO;
				CLANG_CXX_LANGUAGE_STANDARD = "gnu++0x";
				CLANG_CXX_LIBRARY = "libc++";
				CLANG_ENABLE_MODULES = YES;
				CLANG_ENABLE_OBJC_ARC = YES;
				CLANG_WARN_BOOL_CONVERSION = YES;
				CLANG_WARN_CONSTANT_CONVERSION = YES;
				CLANG_WARN_DIRECT_OBJC_ISA_USAGE = YES_ERROR;
				CLANG_WARN_EMPTY_BODY = YES;
				CLANG_WARN_ENUM_CONVERSION = YES;
				CLANG_WARN_INT_CONVERSION = YES;
				CLANG_WARN_OBJC_ROOT_CLASS = YES_ERROR;
				CLANG_WARN_UNREACHABLE_CODE = YES;
				CLANG_WARN__DUPLICATE_METHOD_MATCH = YES;
				"CODE_SIGN_IDENTITY[sdk=iphoneos*]" = "iPhone Developer";
				COPY_PHASE_STRIP = NO;
				DEBUG_INFORMATION_FORMAT = dwarf;
				ENABLE_STRICT_OBJC_MSGSEND = YES;
				ENABLE_TESTABILITY = YES;
				GCC_C_LANGUAGE_STANDARD = gnu99;
				GCC_DYNAMIC_NO_PIC = NO;
				GCC_NO_COMMON_BLOCKS = YES;
				GCC_OPTIMIZATION_LEVEL = 0;
				GCC_PREPROCESSOR_DEFINITIONS = (
					"DEBUG=1",
					"$(inherited)",
				);
				GCC_WARN_64_TO_32_BIT_CONVERSION = YES;
				GCC_WARN_ABOUT_RETURN_TYPE = YES_ERROR;
				GCC_WARN_UNDECLARED_SELECTOR = YES;
				GCC_WARN_UNINITIALIZED_AUTOS = YES_AGGRESSIVE;
				GCC_WARN_UNUSED_FUNCTION = YES;
				GCC_WARN_UNUSED_VARIABLE = YES;
				IPHONEOS_DEPLOYMENT_TARGET = 9.2;
				MTL_ENABLE_DEBUG_INFO = YES;
				ONLY_ACTIVE_ARCH = YES;
				SDKROOT = iphoneos;
			};
			name = Debug;
		};
		28E9C8211C6F09AB00F7ED97 /* Release */ = {
			isa = XCBuildConfiguration;
			buildSettings = {
				ALWAYS_SEARCH_USER_PATHS = NO;
				CLANG_CXX_LANGUAGE_STANDARD = "gnu++0x";
				CLANG_CXX_LIBRARY = "libc++";
				CLANG_ENABLE_MODULES = YES;
				CLANG_ENABLE_OBJC_ARC = YES;
				CLANG_WARN_BOOL_CONVERSION = YES;
				CLANG_WARN_CONSTANT_CONVERSION = YES;
				CLANG_WARN_DIRECT_OBJC_ISA_USAGE = YES_ERROR;
				CLANG_WARN_EMPTY_BODY = YES;
				CLANG_WARN_ENUM_CONVERSION = YES;
				CLANG_WARN_INT_CONVERSION = YES;
				CLANG_WARN_OBJC_ROOT_CLASS = YES_ERROR;
				CLANG_WARN_UNREACHABLE_CODE = YES;
				CLANG_WARN__DUPLICATE_METHOD_MATCH = YES;
				"CODE_SIGN_IDENTITY[sdk=iphoneos*]" = "iPhone Developer";
				COPY_PHASE_STRIP = NO;
				DEBUG_INFORMATION_FORMAT = "dwarf-with-dsym";
				ENABLE_NS_ASSERTIONS = NO;
				ENABLE_STRICT_OBJC_MSGSEND = YES;
				GCC_C_LANGUAGE_STANDARD = gnu99;
				GCC_NO_COMMON_BLOCKS = YES;
				GCC_WARN_64_TO_32_BIT_CONVERSION = YES;
				GCC_WARN_ABOUT_RETURN_TYPE = YES_ERROR;
				GCC_WARN_UNDECLARED_SELECTOR = YES;
				GCC_WARN_UNINITIALIZED_AUTOS = YES_AGGRESSIVE;
				GCC_WARN_UNUSED_FUNCTION = YES;
				GCC_WARN_UNUSED_VARIABLE = YES;
				IPHONEOS_DEPLOYMENT_TARGET = 9.2;
				MTL_ENABLE_DEBUG_INFO = NO;
				SDKROOT = iphoneos;
				VALIDATE_PRODUCT = YES;
			};
			name = Release;
		};
		28E9C8231C6F09AB00F7ED97 /* Debug */ = {
			isa = XCBuildConfiguration;
			baseConfigurationReference = 26A9E05E88C50341C5DA9D27 /* Pods-HZExtend-Demo.debug.xcconfig */;
			buildSettings = {
				ASSETCATALOG_COMPILER_APPICON_NAME = AppIcon;
				CODE_SIGN_IDENTITY = "iPhone Developer";
				INFOPLIST_FILE = "HZExtend-Demo/Info.plist";
				LD_RUNPATH_SEARCH_PATHS = "$(inherited) @executable_path/Frameworks";
				PRODUCT_BUNDLE_IDENTIFIER = "com.hz.HZExtend-Demo";
				PRODUCT_NAME = "$(TARGET_NAME)";
				USER_HEADER_SEARCH_PATHS = "${SRCROOT}/**";
			};
			name = Debug;
		};
		28E9C8241C6F09AB00F7ED97 /* Release */ = {
			isa = XCBuildConfiguration;
			baseConfigurationReference = CD322A46CC35057CD9B51923 /* Pods-HZExtend-Demo.release.xcconfig */;
			buildSettings = {
				ASSETCATALOG_COMPILER_APPICON_NAME = AppIcon;
				CODE_SIGN_IDENTITY = "iPhone Developer";
				INFOPLIST_FILE = "HZExtend-Demo/Info.plist";
				LD_RUNPATH_SEARCH_PATHS = "$(inherited) @executable_path/Frameworks";
				PRODUCT_BUNDLE_IDENTIFIER = "com.hz.HZExtend-Demo";
				PRODUCT_NAME = "$(TARGET_NAME)";
				USER_HEADER_SEARCH_PATHS = "${SRCROOT}/**";
			};
			name = Release;
		};
/* End XCBuildConfiguration section */

/* Begin XCConfigurationList section */
		28E9C8061C6F09AB00F7ED97 /* Build configuration list for PBXProject "HZExtend-Demo" */ = {
			isa = XCConfigurationList;
			buildConfigurations = (
				28E9C8201C6F09AB00F7ED97 /* Debug */,
				28E9C8211C6F09AB00F7ED97 /* Release */,
			);
			defaultConfigurationIsVisible = 0;
			defaultConfigurationName = Release;
		};
		28E9C8221C6F09AB00F7ED97 /* Build configuration list for PBXNativeTarget "HZExtend-Demo" */ = {
			isa = XCConfigurationList;
			buildConfigurations = (
				28E9C8231C6F09AB00F7ED97 /* Debug */,
				28E9C8241C6F09AB00F7ED97 /* Release */,
			);
			defaultConfigurationIsVisible = 0;
			defaultConfigurationName = Release;
		};
/* End XCConfigurationList section */
	};
	rootObject = 28E9C8031C6F09AB00F7ED97 /* Project object */;
}
